
Microsoft Visual Studio Solution File, Format Version 12.00
# Visual Studio Version 16
VisualStudioVersion = 16.0.31005.135
MinimumVisualStudioVersion = 10.0.40219.1
Project("{9A19103F-16F7-4668-BE54-9A1E7A4F7556}") = "SalesWeb", "SalesWeb\SalesWeb.csproj", "{AAE3EEBB-B1C0-4FA1-8BED-5E5115B18B37}"
EndProject
Global
	GlobalSection(SolutionConfigurationPlatforms) = preSolution
		Debug|Any CPU = Debug|Any CPU
		Release|Any CPU = Release|Any CPU
	EndGlobalSection
	GlobalSection(ProjectConfigurationPlatforms) = postSolution
		{AAE3EEBB-B1C0-4FA1-8BED-5E5115B18B37}.Debug|Any CPU.ActiveCfg = Debug|Any CPU
		{AAE3EEBB-B1C0-4FA1-8BED-5E5115B18B37}.Debug|Any CPU.Build.0 = Debug|Any CPU
		{AAE3EEBB-B1C0-4FA1-8BED-5E5115B18B37}.Release|Any CPU.ActiveCfg = Release|Any CPU
		{AAE3EEBB-B1C0-4FA1-8BED-5E5115B18B37}.Release|Any CPU.Build.0 = Release|Any CPU
	EndGlobalSection
	GlobalSection(SolutionProperties) = preSolution
		HideSolutionNode = FALSE
	EndGlobalSection
	GlobalSection(ExtensibilityGlobals) = postSolution
		SolutionGuid = {B71D397E-2E98-49E1-8359-7BFCDBB97D5D}
	EndGlobalSection
EndGlobal
